
Microsoft Visual Studio Solution File, Format Version 12.00
# Visual Studio Version 17
VisualStudioVersion = 17.1.32421.90
MinimumVisualStudioVersion = 10.0.40219.1
Project("{FAE04EC0-301F-11D3-BF4B-00C04F79EFBC}") = "QuestaAdminApi", "QuestaAdminApi\QuestaAdminApi.csproj", "{317F9D1F-F5B8-45A7-9BD6-26C3CC0173E8}"
EndProject
Project("{FAE04EC0-301F-11D3-BF4B-00C04F79EFBC}") = "QuestaAdminApi.DatabaseLayer", "QuestaAdminApi.DatabaseLayer\QuestaAdminApi.DatabaseLayer.csproj", "{C0111656-963B-45E8-BD4A-DB94C86C2B8D}"
EndProject
Project("{FAE04EC0-301F-11D3-BF4B-00C04F79EFBC}") = "QuestaAdminApi.ServiceLayer", "QuestaAdminApi.ServiceLayer\QuestaAdminApi.ServiceLayer.csproj", "{6311FDA0-3F5E-4B97-971B-967A1ABB574A}"
EndProject
Global
	GlobalSection(SolutionConfigurationPlatforms) = preSolution
		Debug|Any CPU = Debug|Any CPU
		Release|Any CPU = Release|Any CPU
	EndGlobalSection
	GlobalSection(ProjectConfigurationPlatforms) = postSolution
		{317F9D1F-F5B8-45A7-9BD6-26C3CC0173E8}.Debug|Any CPU.ActiveCfg = Debug|Any CPU
		{317F9D1F-F5B8-45A7-9BD6-26C3CC0173E8}.Debug|Any CPU.Build.0 = Debug|Any CPU
		{317F9D1F-F5B8-45A7-9BD6-26C3CC0173E8}.Release|Any CPU.ActiveCfg = Release|Any CPU
		{317F9D1F-F5B8-45A7-9BD6-26C3CC0173E8}.Release|Any CPU.Build.0 = Release|Any CPU
		{C0111656-963B-45E8-BD4A-DB94C86C2B8D}.Debug|Any CPU.ActiveCfg = Debug|Any CPU
		{C0111656-963B-45E8-BD4A-DB94C86C2B8D}.Debug|Any CPU.Build.0 = Debug|Any CPU
		{C0111656-963B-45E8-BD4A-DB94C86C2B8D}.Release|Any CPU.ActiveCfg = Release|Any CPU
		{C0111656-963B-45E8-BD4A-DB94C86C2B8D}.Release|Any CPU.Build.0 = Release|Any CPU
		{6311FDA0-3F5E-4B97-971B-967A1ABB574A}.Debug|Any CPU.ActiveCfg = Debug|Any CPU
		{6311FDA0-3F5E-4B97-971B-967A1ABB574A}.Debug|Any CPU.Build.0 = Debug|Any CPU
		{6311FDA0-3F5E-4B97-971B-967A1ABB574A}.Release|Any CPU.ActiveCfg = Release|Any CPU
		{6311FDA0-3F5E-4B97-971B-967A1ABB574A}.Release|Any CPU.Build.0 = Release|Any CPU
	EndGlobalSection
	GlobalSection(SolutionProperties) = preSolution
		HideSolutionNode = FALSE
	EndGlobalSection
	GlobalSection(ExtensibilityGlobals) = postSolution
		SolutionGuid = {138D5F9A-A57E-4908-8400-5FBFC73B2B1C}
	EndGlobalSection
EndGlobal
